
Microsoft Visual Studio Solution File, Format Version 12.00
# Visual Studio Version 17
VisualStudioVersion = 17.0.31912.275
MinimumVisualStudioVersion = 10.0.40219.1
Project("{FAE04EC0-301F-11D3-BF4B-00C04F79EFBC}") = "A101Warehouse.DAL", "A101Warehouse.DAL\A101Warehouse.DAL.csproj", "{D84CFDB8-CCCA-419E-ABEE-7B1F205323AE}"
EndProject
Project("{FAE04EC0-301F-11D3-BF4B-00C04F79EFBC}") = "A101Warehouse.BLL", "A101Warehouse.BLL\A101Warehouse.BLL.csproj", "{95F6AED6-67A1-446B-B1A2-ED694C4FAC50}"
EndProject
Project("{FAE04EC0-301F-11D3-BF4B-00C04F79EFBC}") = "A101CoreWeb", "A101CoreWeb\A101CoreWeb.csproj", "{A2D57465-22E9-43B9-9193-EF3AEAC85B65}"
EndProject
Global
	GlobalSection(SolutionConfigurationPlatforms) = preSolution
		Debug|Any CPU = Debug|Any CPU
		Release|Any CPU = Release|Any CPU
	EndGlobalSection
	GlobalSection(ProjectConfigurationPlatforms) = postSolution
		{D84CFDB8-CCCA-419E-ABEE-7B1F205323AE}.Debug|Any CPU.ActiveCfg = Debug|Any CPU
		{D84CFDB8-CCCA-419E-ABEE-7B1F205323AE}.Debug|Any CPU.Build.0 = Debug|Any CPU
		{D84CFDB8-CCCA-419E-ABEE-7B1F205323AE}.Release|Any CPU.ActiveCfg = Release|Any CPU
		{D84CFDB8-CCCA-419E-ABEE-7B1F205323AE}.Release|Any CPU.Build.0 = Release|Any CPU
		{95F6AED6-67A1-446B-B1A2-ED694C4FAC50}.Debug|Any CPU.ActiveCfg = Debug|Any CPU
		{95F6AED6-67A1-446B-B1A2-ED694C4FAC50}.Debug|Any CPU.Build.0 = Debug|Any CPU
		{95F6AED6-67A1-446B-B1A2-ED694C4FAC50}.Release|Any CPU.ActiveCfg = Release|Any CPU
		{95F6AED6-67A1-446B-B1A2-ED694C4FAC50}.Release|Any CPU.Build.0 = Release|Any CPU
		{A2D57465-22E9-43B9-9193-EF3AEAC85B65}.Debug|Any CPU.ActiveCfg = Debug|Any CPU
		{A2D57465-22E9-43B9-9193-EF3AEAC85B65}.Debug|Any CPU.Build.0 = Debug|Any CPU
		{A2D57465-22E9-43B9-9193-EF3AEAC85B65}.Release|Any CPU.ActiveCfg = Release|Any CPU
		{A2D57465-22E9-43B9-9193-EF3AEAC85B65}.Release|Any CPU.Build.0 = Release|Any CPU
	EndGlobalSection
	GlobalSection(SolutionProperties) = preSolution
		HideSolutionNode = FALSE
	EndGlobalSection
	GlobalSection(ExtensibilityGlobals) = postSolution
		SolutionGuid = {158AC720-5CBA-497E-8669-5AFF7AB2B049}
	EndGlobalSection
EndGlobal
